// !$*UTF8*$!
{
	archiveVersion = 1;
	classes = {
	};
	objectVersion = 56;
	objects = {

/* Begin PBXBuildFile section */
		4155571129C4A23E00D927C2 /* Alert.swift in Sources */ = {isa = PBXBuildFile; fileRef = 4155571029C4A23E00D927C2 /* Alert.swift */; };
		417370A729B904B40089E20D /* RegisterViewController.swift in Sources */ = {isa = PBXBuildFile; fileRef = 417370A629B904B40089E20D /* RegisterViewController.swift */; };
		417370AE29BA17B60089E20D /* RegisterScreen.swift in Sources */ = {isa = PBXBuildFile; fileRef = 417370AD29BA17B60089E20D /* RegisterScreen.swift */; };
		41D78D4029B649F100FFB7A9 /* AppDelegate.swift in Sources */ = {isa = PBXBuildFile; fileRef = 41D78D3F29B649F100FFB7A9 /* AppDelegate.swift */; };
		41D78D4229B649F100FFB7A9 /* SceneDelegate.swift in Sources */ = {isa = PBXBuildFile; fileRef = 41D78D4129B649F100FFB7A9 /* SceneDelegate.swift */; };
		41D78D4429B649F100FFB7A9 /* ViewController.swift in Sources */ = {isa = PBXBuildFile; fileRef = 41D78D4329B649F100FFB7A9 /* ViewController.swift */; };
		41D78D4929B649F200FFB7A9 /* Assets.xcassets in Resources */ = {isa = PBXBuildFile; fileRef = 41D78D4829B649F200FFB7A9 /* Assets.xcassets */; };
		41D78D4C29B649F200FFB7A9 /* LaunchScreen.storyboard in Resources */ = {isa = PBXBuildFile; fileRef = 41D78D4A29B649F200FFB7A9 /* LaunchScreen.storyboard */; };
		41D78D5729B64B5800FFB7A9 /* LoginScreen.swift in Sources */ = {isa = PBXBuildFile; fileRef = 41D78D5629B64B5800FFB7A9 /* LoginScreen.swift */; };
		41DAA75B29BFB7AE00887A29 /* FirebaseAuth in Frameworks */ = {isa = PBXBuildFile; productRef = 41DAA75A29BFB7AE00887A29 /* FirebaseAuth */; };
/* End PBXBuildFile section */

/* Begin PBXFileReference section */
		4155571029C4A23E00D927C2 /* Alert.swift */ = {isa = PBXFileReference; lastKnownFileType = sourcecode.swift; path = Alert.swift; sourceTree = "<group>"; };
		417370A629B904B40089E20D /* RegisterViewController.swift */ = {isa = PBXFileReference; lastKnownFileType = sourcecode.swift; path = RegisterViewController.swift; sourceTree = "<group>"; };
		417370AD29BA17B60089E20D /* RegisterScreen.swift */ = {isa = PBXFileReference; lastKnownFileType = sourcecode.swift; path = RegisterScreen.swift; sourceTree = "<group>"; };
		41D78D3C29B649F100FFB7A9 /* LoginViewCode.app */ = {isa = PBXFileReference; explicitFileType = wrapper.application; includeInIndex = 0; path = LoginViewCode.app; sourceTree = BUILT_PRODUCTS_DIR; };
		41D78D3F29B649F100FFB7A9 /* AppDelegate.swift */ = {isa = PBXFileReference; lastKnownFileType = sourcecode.swift; path = AppDelegate.swift; sourceTree = "<group>"; };
		41D78D4129B649F100FFB7A9 /* SceneDelegate.swift */ = {isa = PBXFileReference; lastKnownFileType = sourcecode.swift; path = SceneDelegate.swift; sourceTree = "<group>"; };
		41D78D4329B649F100FFB7A9 /* ViewController.swift */ = {isa = PBXFileReference; lastKnownFileType = sourcecode.swift; path = ViewController.swift; sourceTree = "<group>"; };
		41D78D4829B649F200FFB7A9 /* Assets.xcassets */ = {isa = PBXFileReference; lastKnownFileType = folder.assetcatalog; path = Assets.xcassets; sourceTree = "<group>"; };
		41D78D4B29B649F200FFB7A9 /* Base */ = {isa = PBXFileReference; lastKnownFileType = file.storyboard; name = Base; path = Base.lproj/LaunchScreen.storyboard; sourceTree = "<group>"; };
		41D78D4D29B649F200FFB7A9 /* Info.plist */ = {isa = PBXFileReference; lastKnownFileType = text.plist.xml; path = Info.plist; sourceTree = "<group>"; };
		41D78D5629B64B5800FFB7A9 /* LoginScreen.swift */ = {isa = PBXFileReference; lastKnownFileType = sourcecode.swift; path = LoginScreen.swift; sourceTree = "<group>"; };
/* End PBXFileReference section */

/* Begin PBXFrameworksBuildPhase section */
		41D78D3929B649F100FFB7A9 /* Frameworks */ = {
			isa = PBXFrameworksBuildPhase;
			buildActionMask = 2147483647;
			files = (
				41DAA75B29BFB7AE00887A29 /* FirebaseAuth in Frameworks */,
			);
			runOnlyForDeploymentPostprocessing = 0;
		};
/* End PBXFrameworksBuildPhase section */

/* Begin PBXGroup section */
		4155570F29C4A22C00D927C2 /* Alert */ = {
			isa = PBXGroup;
			children = (
				4155571029C4A23E00D927C2 /* Alert.swift */,
			);
			path = Alert;
			sourceTree = "<group>";
		};
		417370A129B9014F0089E20D /* Register */ = {
			isa = PBXGroup;
			children = (
				417370A829BA17050089E20D /* Screen */,
				417370A229B901570089E20D /* VC */,
			);
			path = Register;
			sourceTree = "<group>";
		};
		417370A229B901570089E20D /* VC */ = {
			isa = PBXGroup;
			children = (
				417370A629B904B40089E20D /* RegisterViewController.swift */,
			);
			path = VC;
			sourceTree = "<group>";
		};
		417370A829BA17050089E20D /* Screen */ = {
			isa = PBXGroup;
			children = (
				417370AD29BA17B60089E20D /* RegisterScreen.swift */,
			);
			path = Screen;
			sourceTree = "<group>";
		};
		41D78D3329B649F100FFB7A9 = {
			isa = PBXGroup;
			children = (
				41D78D3E29B649F100FFB7A9 /* LoginViewCode */,
				41D78D3D29B649F100FFB7A9 /* Products */,
			);
			sourceTree = "<group>";
		};
		41D78D3D29B649F100FFB7A9 /* Products */ = {
			isa = PBXGroup;
			children = (
				41D78D3C29B649F100FFB7A9 /* LoginViewCode.app */,
			);
			name = Products;
			sourceTree = "<group>";
		};
		41D78D3E29B649F100FFB7A9 /* LoginViewCode */ = {
			isa = PBXGroup;
			children = (
				4155570F29C4A22C00D927C2 /* Alert */,
				417370A129B9014F0089E20D /* Register */,
				41D78D5329B64B2800FFB7A9 /* Login */,
				41D78D3F29B649F100FFB7A9 /* AppDelegate.swift */,
				41D78D4129B649F100FFB7A9 /* SceneDelegate.swift */,
				41D78D4829B649F200FFB7A9 /* Assets.xcassets */,
				41D78D4A29B649F200FFB7A9 /* LaunchScreen.storyboard */,
				41D78D4D29B649F200FFB7A9 /* Info.plist */,
			);
			path = LoginViewCode;
			sourceTree = "<group>";
		};
		41D78D5329B64B2800FFB7A9 /* Login */ = {
			isa = PBXGroup;
			children = (
				41D78D5529B64B3700FFB7A9 /* Screen */,
				41D78D5429B64B3100FFB7A9 /* VC */,
			);
			path = Login;
			sourceTree = "<group>";
		};
		41D78D5429B64B3100FFB7A9 /* VC */ = {
			isa = PBXGroup;
			children = (
				41D78D4329B649F100FFB7A9 /* ViewController.swift */,
			);
			path = VC;
			sourceTree = "<group>";
		};
		41D78D5529B64B3700FFB7A9 /* Screen */ = {
			isa = PBXGroup;
			children = (
				41D78D5629B64B5800FFB7A9 /* LoginScreen.swift */,
			);
			path = Screen;
			sourceTree = "<group>";
		};
/* End PBXGroup section */

/* Begin PBXNativeTarget section */
		41D78D3B29B649F100FFB7A9 /* LoginViewCode */ = {
			isa = PBXNativeTarget;
			buildConfigurationList = 41D78D5029B649F200FFB7A9 /* Build configuration list for PBXNativeTarget "LoginViewCode" */;
			buildPhases = (
				41D78D3829B649F100FFB7A9 /* Sources */,
				41D78D3929B649F100FFB7A9 /* Frameworks */,
				41D78D3A29B649F100FFB7A9 /* Resources */,
			);
			buildRules = (
			);
			dependencies = (
			);
			name = LoginViewCode;
			packageProductDependencies = (
				41DAA75A29BFB7AE00887A29 /* FirebaseAuth */,
			);
			productName = LoginViewCode;
			productReference = 41D78D3C29B649F100FFB7A9 /* LoginViewCode.app */;
			productType = "com.apple.product-type.application";
		};
/* End PBXNativeTarget section */

/* Begin PBXProject section */
		41D78D3429B649F100FFB7A9 /* Project object */ = {
			isa = PBXProject;
			attributes = {
				BuildIndependentTargetsInParallel = 1;
				LastSwiftUpdateCheck = 1420;
				LastUpgradeCheck = 1420;
				TargetAttributes = {
					41D78D3B29B649F100FFB7A9 = {
						CreatedOnToolsVersion = 14.2;
					};
				};
			};
			buildConfigurationList = 41D78D3729B649F100FFB7A9 /* Build configuration list for PBXProject "LoginViewCode" */;
			compatibilityVersion = "Xcode 14.0";
			developmentRegion = en;
			hasScannedForEncodings = 0;
			knownRegions = (
				en,
				Base,
			);
			mainGroup = 41D78D3329B649F100FFB7A9;
			packageReferences = (
				41DAA75929BFB7AE00887A29 /* XCRemoteSwiftPackageReference "firebase-ios-sdk" */,
			);
			productRefGroup = 41D78D3D29B649F100FFB7A9 /* Products */;
			projectDirPath = "";
			projectRoot = "";
			targets = (
				41D78D3B29B649F100FFB7A9 /* LoginViewCode */,
			);
		};
/* End PBXProject section */

/* Begin PBXResourcesBuildPhase section */
		41D78D3A29B649F100FFB7A9 /* Resources */ = {
			isa = PBXResourcesBuildPhase;
			buildActionMask = 2147483647;
			files = (
				41D78D4C29B649F200FFB7A9 /* LaunchScreen.storyboard in Resources */,
				41D78D4929B649F200FFB7A9 /* Assets.xcassets in Resources */,
			);
			runOnlyForDeploymentPostprocessing = 0;
		};
/* End PBXResourcesBuildPhase section */

/* Begin PBXSourcesBuildPhase section */
		41D78D3829B649F100FFB7A9 /* Sources */ = {
			isa = PBXSourcesBuildPhase;
			buildActionMask = 2147483647;
			files = (
				417370AE29BA17B60089E20D /* RegisterScreen.swift in Sources */,
				41D78D4429B649F100FFB7A9 /* ViewController.swift in Sources */,
				417370A729B904B40089E20D /* RegisterViewController.swift in Sources */,
				41D78D5729B64B5800FFB7A9 /* LoginScreen.swift in Sources */,
				41D78D4029B649F100FFB7A9 /* AppDelegate.swift in Sources */,
				41D78D4229B649F100FFB7A9 /* SceneDelegate.swift in Sources */,
				4155571129C4A23E00D927C2 /* Alert.swift in Sources */,
			);
			runOnlyForDeploymentPostprocessing = 0;
		};
/* End PBXSourcesBuildPhase section */

/* Begin PBXVariantGroup section */
		41D78D4A29B649F200FFB7A9 /* LaunchScreen.storyboard */ = {
			isa = PBXVariantGroup;
			children = (
				41D78D4B29B649F200FFB7A9 /* Base */,
			);
			name = LaunchScreen.storyboard;
			sourceTree = "<group>";
		};
/* End PBXVariantGroup section */

/* Begin XCBuildConfiguration section */
		41D78D4E29B649F200FFB7A9 /* Debug */ = {
			isa = XCBuildConfiguration;
			buildSettings = {
				ALWAYS_SEARCH_USER_PATHS = NO;
				CLANG_ANALYZER_NONNULL = YES;
				CLANG_ANALYZER_NUMBER_OBJECT_CONVERSION = YES_AGGRESSIVE;
				CLANG_CXX_LANGUAGE_STANDARD = "gnu++20";
				CLANG_ENABLE_MODULES = YES;
				CLANG_ENABLE_OBJC_ARC = YES;
				CLANG_ENABLE_OBJC_WEAK = YES;
				CLANG_WARN_BLOCK_CAPTURE_AUTORELEASING = YES;
				CLANG_WARN_BOOL_CONVERSION = YES;
				CLANG_WARN_COMMA = YES;
				CLANG_WARN_CONSTANT_CONVERSION = YES;
				CLANG_WARN_DEPRECATED_OBJC_IMPLEMENTATIONS = YES;
				CLANG_WARN_DIRECT_OBJC_ISA_USAGE = YES_ERROR;
				CLANG_WARN_DOCUMENTATION_COMMENTS = YES;
				CLANG_WARN_EMPTY_BODY = YES;
				CLANG_WARN_ENUM_CONVERSION = YES;
				CLANG_WARN_INFINITE_RECURSION = YES;
				CLANG_WARN_INT_CONVERSION = YES;
				CLANG_WARN_NON_LITERAL_NULL_CONVERSION = YES;
				CLANG_WARN_OBJC_IMPLICIT_RETAIN_SELF = YES;
				CLANG_WARN_OBJC_LITERAL_CONVERSION = YES;
				CLANG_WARN_OBJC_ROOT_CLASS = YES_ERROR;
				CLANG_WARN_QUOTED_INCLUDE_IN_FRAMEWORK_HEADER = YES;
				CLANG_WARN_RANGE_LOOP_ANALYSIS = YES;
				CLANG_WARN_STRICT_PROTOTYPES = YES;
				CLANG_WARN_SUSPICIOUS_MOVE = YES;
				CLANG_WARN_UNGUARDED_AVAILABILITY = YES_AGGRESSIVE;
				CLANG_WARN_UNREACHABLE_CODE = YES;
				CLANG_WARN__DUPLICATE_METHOD_MATCH = YES;
				COPY_PHASE_STRIP = NO;
				DEBUG_INFORMATION_FORMAT = dwarf;
				ENABLE_STRICT_OBJC_MSGSEND = YES;
				ENABLE_TESTABILITY = YES;
				GCC_C_LANGUAGE_STANDARD = gnu11;
				GCC_DYNAMIC_NO_PIC = NO;
				GCC_NO_COMMON_BLOCKS = YES;
				GCC_OPTIMIZATION_LEVEL = 0;
				GCC_PREPROCESSOR_DEFINITIONS = (
					"DEBUG=1",
					"$(inherited)",
				);
				GCC_WARN_64_TO_32_BIT_CONVERSION = YES;
				GCC_WARN_ABOUT_RETURN_TYPE = YES_ERROR;
				GCC_WARN_UNDECLARED_SELECTOR = YES;
				GCC_WARN_UNINITIALIZED_AUTOS = YES_AGGRESSIVE;
				GCC_WARN_UNUSED_FUNCTION = YES;
				GCC_WARN_UNUSED_VARIABLE = YES;
				IPHONEOS_DEPLOYMENT_TARGET = 16.2;
				MTL_ENABLE_DEBUG_INFO = INCLUDE_SOURCE;
				MTL_FAST_MATH = YES;
				ONLY_ACTIVE_ARCH = YES;
				SDKROOT = iphoneos;
				SWIFT_ACTIVE_COMPILATION_CONDITIONS = DEBUG;
				SWIFT_OPTIMIZATION_LEVEL = "-Onone";
			};
			name = Debug;
		};
		41D78D4F29B649F200FFB7A9 /* Release */ = {
			isa = XCBuildConfiguration;
			buildSettings = {
				ALWAYS_SEARCH_USER_PATHS = NO;
				CLANG_ANALYZER_NONNULL = YES;
				CLANG_ANALYZER_NUMBER_OBJECT_CONVERSION = YES_AGGRESSIVE;
				CLANG_CXX_LANGUAGE_STANDARD = "gnu++20";
				CLANG_ENABLE_MODULES = YES;
				CLANG_ENABLE_OBJC_ARC = YES;
				CLANG_ENABLE_OBJC_WEAK = YES;
				CLANG_WARN_BLOCK_CAPTURE_AUTORELEASING = YES;
				CLANG_WARN_BOOL_CONVERSION = YES;
				CLANG_WARN_COMMA = YES;
				CLANG_WARN_CONSTANT_CONVERSION = YES;
				CLANG_WARN_DEPRECATED_OBJC_IMPLEMENTATIONS = YES;
				CLANG_WARN_DIRECT_OBJC_ISA_USAGE = YES_ERROR;
				CLANG_WARN_DOCUMENTATION_COMMENTS = YES;
				CLANG_WARN_EMPTY_BODY = YES;
				CLANG_WARN_ENUM_CONVERSION = YES;
				CLANG_WARN_INFINITE_RECURSION = YES;
				CLANG_WARN_INT_CONVERSION = YES;
				CLANG_WARN_NON_LITERAL_NULL_CONVERSION = YES;
				CLANG_WARN_OBJC_IMPLICIT_RETAIN_SELF = YES;
				CLANG_WARN_OBJC_LITERAL_CONVERSION = YES;
				CLANG_WARN_OBJC_ROOT_CLASS = YES_ERROR;
				CLANG_WARN_QUOTED_INCLUDE_IN_FRAMEWORK_HEADER = YES;
				CLANG_WARN_RANGE_LOOP_ANALYSIS = YES;
				CLANG_WARN_STRICT_PROTOTYPES = YES;
				CLANG_WARN_SUSPICIOUS_MOVE = YES;
				CLANG_WARN_UNGUARDED_AVAILABILITY = YES_AGGRESSIVE;
				CLANG_WARN_UNREACHABLE_CODE = YES;
				CLANG_WARN__DUPLICATE_METHOD_MATCH = YES;
				COPY_PHASE_STRIP = NO;
				DEBUG_INFORMATION_FORMAT = "dwarf-with-dsym";
				ENABLE_NS_ASSERTIONS = NO;
				ENABLE_STRICT_OBJC_MSGSEND = YES;
				GCC_C_LANGUAGE_STANDARD = gnu11;
				GCC_NO_COMMON_BLOCKS = YES;
				GCC_WARN_64_TO_32_BIT_CONVERSION = YES;
				GCC_WARN_ABOUT_RETURN_TYPE = YES_ERROR;
				GCC_WARN_UNDECLARED_SELECTOR = YES;
				GCC_WARN_UNINITIALIZED_AUTOS = YES_AGGRESSIVE;
				GCC_WARN_UNUSED_FUNCTION = YES;
				GCC_WARN_UNUSED_VARIABLE = YES;
				IPHONEOS_DEPLOYMENT_TARGET = 16.2;
				MTL_ENABLE_DEBUG_INFO = NO;
				MTL_FAST_MATH = YES;
				SDKROOT = iphoneos;
				SWIFT_COMPILATION_MODE = wholemodule;
				SWIFT_OPTIMIZATION_LEVEL = "-O";
				VALIDATE_PRODUCT = YES;
			};
			name = Release;
		};
		41D78D5129B649F200FFB7A9 /* Debug */ = {
			isa = XCBuildConfiguration;
			buildSettings = {
				ASSETCATALOG_COMPILER_APPICON_NAME = AppIcon;
				ASSETCATALOG_COMPILER_GLOBAL_ACCENT_COLOR_NAME = AccentColor;
				CODE_SIGN_STYLE = Automatic;
				CURRENT_PROJECT_VERSION = 1;
				GENERATE_INFOPLIST_FILE = YES;
				INFOPLIST_FILE = LoginViewCode/Info.plist;
				INFOPLIST_KEY_UIApplicationSupportsIndirectInputEvents = YES;
				INFOPLIST_KEY_UILaunchStoryboardName = LaunchScreen;
				INFOPLIST_KEY_UIMainStoryboardFile = "";
				INFOPLIST_KEY_UISupportedInterfaceOrientations_iPad = "UIInterfaceOrientationPortrait UIInterfaceOrientationPortraitUpsideDown UIInterfaceOrientationLandscapeLeft UIInterfaceOrientationLandscapeRight";
				INFOPLIST_KEY_UISupportedInterfaceOrientations_iPhone = "UIInterfaceOrientationPortrait UIInterfaceOrientationLandscapeLeft UIInterfaceOrientationLandscapeRight";
				LD_RUNPATH_SEARCH_PATHS = (
					"$(inherited)",
					"@executable_path/Frameworks",
				);
				MARKETING_VERSION = 1.0;
				PRODUCT_BUNDLE_IDENTIFIER = jadie.LoginViewCode;
				PRODUCT_NAME = "$(TARGET_NAME)";
				SWIFT_EMIT_LOC_STRINGS = YES;
				SWIFT_VERSION = 5.0;
				TARGETED_DEVICE_FAMILY = "1,2";
			};
			name = Debug;
		};
		41D78D5229B649F200FFB7A9 /* Release */ = {
			isa = XCBuildConfiguration;
			buildSettings = {
				ASSETCATALOG_COMPILER_APPICON_NAME = AppIcon;
				ASSETCATALOG_COMPILER_GLOBAL_ACCENT_COLOR_NAME = AccentColor;
				CODE_SIGN_STYLE = Automatic;
				CURRENT_PROJECT_VERSION = 1;
				GENERATE_INFOPLIST_FILE = YES;
				INFOPLIST_FILE = LoginViewCode/Info.plist;
				INFOPLIST_KEY_UIApplicationSupportsIndirectInputEvents = YES;
				INFOPLIST_KEY_UILaunchStoryboardName = LaunchScreen;
				INFOPLIST_KEY_UIMainStoryboardFile = "";
				INFOPLIST_KEY_UISupportedInterfaceOrientations_iPad = "UIInterfaceOrientationPortrait UIInterfaceOrientationPortraitUpsideDown UIInterfaceOrientationLandscapeLeft UIInterfaceOrientationLandscapeRight";
				INFOPLIST_KEY_UISupportedInterfaceOrientations_iPhone = "UIInterfaceOrientationPortrait UIInterfaceOrientationLandscapeLeft UIInterfaceOrientationLandscapeRight";
				LD_RUNPATH_SEARCH_PATHS = (
					"$(inherited)",
					"@executable_path/Frameworks",
				);
				MARKETING_VERSION = 1.0;
				PRODUCT_BUNDLE_IDENTIFIER = jadie.LoginViewCode;
				PRODUCT_NAME = "$(TARGET_NAME)";
				SWIFT_EMIT_LOC_STRINGS = YES;
				SWIFT_VERSION = 5.0;
				TARGETED_DEVICE_FAMILY = "1,2";
			};
			name = Release;
		};
/* End XCBuildConfiguration section */

/* Begin XCConfigurationList section */
		41D78D3729B649F100FFB7A9 /* Build configuration list for PBXProject "LoginViewCode" */ = {
			isa = XCConfigurationList;
			buildConfigurations = (
				41D78D4E29B649F200FFB7A9 /* Debug */,
				41D78D4F29B649F200FFB7A9 /* Release */,
			);
			defaultConfigurationIsVisible = 0;
			defaultConfigurationName = Release;
		};
		41D78D5029B649F200FFB7A9 /* Build configuration list for PBXNativeTarget "LoginViewCode" */ = {
			isa = XCConfigurationList;
			buildConfigurations = (
				41D78D5129B649F200FFB7A9 /* Debug */,
				41D78D5229B649F200FFB7A9 /* Release */,
			);
			defaultConfigurationIsVisible = 0;
			defaultConfigurationName = Release;
		};
/* End XCConfigurationList section */

/* Begin XCRemoteSwiftPackageReference section */
		41DAA75929BFB7AE00887A29 /* XCRemoteSwiftPackageReference "firebase-ios-sdk" */ = {
			isa = XCRemoteSwiftPackageReference;
			repositoryURL = "https://github.com/firebase/firebase-ios-sdk";
			requirement = {
				branch = master;
				kind = branch;
			};
		};
/* End XCRemoteSwiftPackageReference section */

/* Begin XCSwiftPackageProductDependency section */
		41DAA75A29BFB7AE00887A29 /* FirebaseAuth */ = {
			isa = XCSwiftPackageProductDependency;
			package = 41DAA75929BFB7AE00887A29 /* XCRemoteSwiftPackageReference "firebase-ios-sdk" */;
			productName = FirebaseAuth;
		};
/* End XCSwiftPackageProductDependency section */
	};
	rootObject = 41D78D3429B649F100FFB7A9 /* Project object */;
}
